
Microsoft Visual Studio Solution File, Format Version 12.00
# Visual Studio Version 16
VisualStudioVersion = 16.0.31019.35
MinimumVisualStudioVersion = 10.0.40219.1
Project("{8BC9CEB8-8B4A-11D0-8D11-00A0C91BC942}") = "201_Bitwise_AND_of_Numbers_Range", "201_Bitwise_AND_of_Numbers_Range\201_Bitwise_AND_of_Numbers_Range.vcxproj", "{70536EB0-32D5-42EF-BD3C-B31543CDA1E6}"
EndProject
Project("{8BC9CEB8-8B4A-11D0-8D11-00A0C91BC942}") = "202_Happy_Number", "202_Happy_Number\202_Happy_Number.vcxproj", "{7AC736CE-7A5D-4FB0-A60C-3BEEA7558DD3}"
EndProject
Project("{8BC9CEB8-8B4A-11D0-8D11-00A0C91BC942}") = "203_Remove_Linked_List_Elements", "203_Remove_Linked_List_Elements\203_Remove_Linked_List_Elements.vcxproj", "{F6AE760B-385C-4745-9BC9-765A3A5EE91A}"
EndProject
Project("{8BC9CEB8-8B4A-11D0-8D11-00A0C91BC942}") = "204_Count_Primes", "204_Count_Primes\204_Count_Primes.vcxproj", "{E8CD520E-A3B8-4F99-BEB3-1B42D965DF87}"
EndProject
Project("{8BC9CEB8-8B4A-11D0-8D11-00A0C91BC942}") = "205_Isomorphic_Strings", "205_Isomorphic_Strings\205_Isomorphic_Strings.vcxproj", "{AFBF5096-34FA-49F5-9776-0F61C0F7BC88}"
EndProject
Project("{8BC9CEB8-8B4A-11D0-8D11-00A0C91BC942}") = "206_Reverse_Linked_List", "206_Reverse_Linked_List\206_Reverse_Linked_List.vcxproj", "{6506F946-F3BC-4CFF-B150-6EB2248B3D16}"
EndProject
Project("{8BC9CEB8-8B4A-11D0-8D11-00A0C91BC942}") = "207_Course_Schedule", "207_Course_Schedule\207_Course_Schedule.vcxproj", "{9E3A08A2-B250-42DA-8616-69CF7B8AFE6A}"
EndProject
Project("{8BC9CEB8-8B4A-11D0-8D11-00A0C91BC942}") = "208_Implement_Trie", "208_Implement_Trie\208_Implement_Trie.vcxproj", "{69F3FC51-EA05-49C7-9244-0D9921A6B9FD}"
EndProject
Project("{8BC9CEB8-8B4A-11D0-8D11-00A0C91BC942}") = "209_Min_Size_Subarray_Sum", "209_Min_Size_Subarray_Sum\209_Min_Size_Subarray_Sum.vcxproj", "{6DB44CE0-5C9C-43C1-9E10-1CDFDB4F7798}"
EndProject
Project("{8BC9CEB8-8B4A-11D0-8D11-00A0C91BC942}") = "210_Course_Schedule_II", "210_Course_Schedule_II\210_Course_Schedule_II.vcxproj", "{EE9F6237-90FB-4992-B69B-E9BE3E872DCE}"
EndProject
Project("{8BC9CEB8-8B4A-11D0-8D11-00A0C91BC942}") = "211_Words_Data_Structure", "211_Words_Data_Structure\211_Words_Data_Structure.vcxproj", "{5E9C6439-3969-4468-9804-3D6D06EFBE86}"
EndProject
Project("{8BC9CEB8-8B4A-11D0-8D11-00A0C91BC942}") = "213_House_Robber_II", "213_House_Robber_II\213_House_Robber_II.vcxproj", "{D67221C9-FEAC-403B-A8B7-0122AD2BB8E2}"
EndProject
Project("{8BC9CEB8-8B4A-11D0-8D11-00A0C91BC942}") = "215_K_Largest_Element", "215_K_Largest_Element\215_K_Largest_Element.vcxproj", "{97E675F0-6B34-4568-9BA7-7E4AA86C3530}"
EndProject
Project("{8BC9CEB8-8B4A-11D0-8D11-00A0C91BC942}") = "216_Combination_Sum_III", "216_Combination_Sum_III\216_Combination_Sum_III.vcxproj", "{58FA2F1F-58C2-49A4-A325-2BFD839D12E0}"
EndProject
Project("{8BC9CEB8-8B4A-11D0-8D11-00A0C91BC942}") = "217_Contains_Duplicate", "217_Contains_Duplicate\217_Contains_Duplicate.vcxproj", "{20D0B751-3C9B-49E9-953C-621167B39FAB}"
EndProject
Project("{8BC9CEB8-8B4A-11D0-8D11-00A0C91BC942}") = "219_Contains_Duplicate_II", "219_Contains_Duplicate_II\219_Contains_Duplicate_II.vcxproj", "{D34407A9-A785-4E31-91FB-81AA76DC842F}"
EndProject
Project("{8BC9CEB8-8B4A-11D0-8D11-00A0C91BC942}") = "220_Contains_Duplicate_III", "220_Contains_Duplicate_III\220_Contains_Duplicate_III.vcxproj", "{10C60809-A0CF-4ACD-9C83-D537B2695B15}"
EndProject
Project("{8BC9CEB8-8B4A-11D0-8D11-00A0C91BC942}") = "221_Maximal_Square", "221_Maximal_Square\221_Maximal_Square.vcxproj", "{7F54E29F-6D58-479C-8FEA-CA0DA99055AF}"
EndProject
Project("{8BC9CEB8-8B4A-11D0-8D11-00A0C91BC942}") = "222_Complete_Tree_Nodes", "222_Complete_Tree_Nodes\222_Complete_Tree_Nodes.vcxproj", "{FBD09976-89CB-4D26-9515-F11C9E1EC7A4}"
EndProject
Project("{8BC9CEB8-8B4A-11D0-8D11-00A0C91BC942}") = "223_Rectangle_Area", "223_Rectangle_Area\223_Rectangle_Area.vcxproj", "{6B5CE7DC-06F9-424A-A38D-06205DCFB5CA}"
EndProject
Project("{8BC9CEB8-8B4A-11D0-8D11-00A0C91BC942}") = "225_Stack_using_Queues", "225_Stack_using_Queues\225_Stack_using_Queues.vcxproj", "{4630C685-7C58-4356-9D38-B336FB8B7F43}"
EndProject
Project("{8BC9CEB8-8B4A-11D0-8D11-00A0C91BC942}") = "226_Invert_Binary_Tree", "226_Invert_Binary_Tree\226_Invert_Binary_Tree.vcxproj", "{FE7342F4-2E42-4DDB-9FDD-C37F45430DCB}"
EndProject
Project("{8BC9CEB8-8B4A-11D0-8D11-00A0C91BC942}") = "224_Basic_Calculator", "224_Basic_Calculator\224_Basic_Calculator.vcxproj", "{8BB1D91B-FA3E-4470-91EB-CC356B4C25D5}"
EndProject
Project("{8BC9CEB8-8B4A-11D0-8D11-00A0C91BC942}") = "227_Basic_Calculator_II", "227_Basic_Calculator_II\227_Basic_Calculator_II.vcxproj", "{D96A3A04-32EC-4D31-A37E-FC9693CA94F4}"
EndProject
Project("{8BC9CEB8-8B4A-11D0-8D11-00A0C91BC942}") = "228_Summary_Ranges", "228_Summary_Ranges\228_Summary_Ranges.vcxproj", "{DA9406F0-3AD0-4A8F-87C9-102AB4736B95}"
EndProject
Project("{8BC9CEB8-8B4A-11D0-8D11-00A0C91BC942}") = "229_Majority_Element_II", "229_Majority_Element_II\229_Majority_Element_II.vcxproj", "{4EFFE46C-5418-4167-B544-B1214B2F77F7}"
EndProject
Project("{8BC9CEB8-8B4A-11D0-8D11-00A0C91BC942}") = "230_Kth_Element_in_BST", "230_Kth_Element_in_BST\230_Kth_Element_in_BST.vcxproj", "{D4F81F8C-403C-4DAF-BF2A-8E0372D5E0B2}"
EndProject
Project("{8BC9CEB8-8B4A-11D0-8D11-00A0C91BC942}") = "231_Power_of_Two", "231_Power_of_Two\231_Power_of_Two.vcxproj", "{2D34FA49-D4F8-480B-B0AD-9703388B8E7B}"
EndProject
Project("{8BC9CEB8-8B4A-11D0-8D11-00A0C91BC942}") = "232_Implement_Queue_using_Stacks", "232_Implement_Queue_using_Stacks\232_Implement_Queue_using_Stacks.vcxproj", "{793C1B0A-85D4-4331-94AD-8FD56B485B3F}"
EndProject
Project("{8BC9CEB8-8B4A-11D0-8D11-00A0C91BC942}") = "234_Palindrome_Linked_List", "234_Palindrome_Linked_List\234_Palindrome_Linked_List.vcxproj", "{D618DDD8-E15E-47E2-94B6-F66D9B2A5CA6}"
EndProject
Project("{8BC9CEB8-8B4A-11D0-8D11-00A0C91BC942}") = "235_Lowest_Common_Ancestor_of_BST", "235_Lowest_Common_Ancestor_of_BST\235_Lowest_Common_Ancestor_of_BST.vcxproj", "{66F3693F-CAFE-4B92-8F87-CACA4A14F509}"
EndProject
Project("{8BC9CEB8-8B4A-11D0-8D11-00A0C91BC942}") = "236_Lowest_Common_Ancestor_Binary_Tree", "236_Lowest_Common_Ancestor_Binary_Tree\236_Lowest_Common_Ancestor_Binary_Tree.vcxproj", "{86B459A5-2CF5-45E1-82C4-8B772A5C3232}"
EndProject
Project("{8BC9CEB8-8B4A-11D0-8D11-00A0C91BC942}") = "237_Delete_Node_Linked_List", "237_Delete_Node_Linked_List\237_Delete_Node_Linked_List.vcxproj", "{0A001C92-F303-48F4-8C1D-199FDF9F7042}"
EndProject
Global
	GlobalSection(SolutionConfigurationPlatforms) = preSolution
		Debug|x64 = Debug|x64
		Debug|x86 = Debug|x86
		Release|x64 = Release|x64
		Release|x86 = Release|x86
	EndGlobalSection
	GlobalSection(ProjectConfigurationPlatforms) = postSolution
		{70536EB0-32D5-42EF-BD3C-B31543CDA1E6}.Debug|x64.ActiveCfg = Debug|x64
		{70536EB0-32D5-42EF-BD3C-B31543CDA1E6}.Debug|x64.Build.0 = Debug|x64
		{70536EB0-32D5-42EF-BD3C-B31543CDA1E6}.Debug|x86.ActiveCfg = Debug|Win32
		{70536EB0-32D5-42EF-BD3C-B31543CDA1E6}.Debug|x86.Build.0 = Debug|Win32
		{70536EB0-32D5-42EF-BD3C-B31543CDA1E6}.Release|x64.ActiveCfg = Release|x64
		{70536EB0-32D5-42EF-BD3C-B31543CDA1E6}.Release|x64.Build.0 = Release|x64
		{70536EB0-32D5-42EF-BD3C-B31543CDA1E6}.Release|x86.ActiveCfg = Release|Win32
		{70536EB0-32D5-42EF-BD3C-B31543CDA1E6}.Release|x86.Build.0 = Release|Win32
		{7AC736CE-7A5D-4FB0-A60C-3BEEA7558DD3}.Debug|x64.ActiveCfg = Debug|x64
		{7AC736CE-7A5D-4FB0-A60C-3BEEA7558DD3}.Debug|x64.Build.0 = Debug|x64
		{7AC736CE-7A5D-4FB0-A60C-3BEEA7558DD3}.Debug|x86.ActiveCfg = Debug|Win32
		{7AC736CE-7A5D-4FB0-A60C-3BEEA7558DD3}.Debug|x86.Build.0 = Debug|Win32
		{7AC736CE-7A5D-4FB0-A60C-3BEEA7558DD3}.Release|x64.ActiveCfg = Release|x64
		{7AC736CE-7A5D-4FB0-A60C-3BEEA7558DD3}.Release|x64.Build.0 = Release|x64
		{7AC736CE-7A5D-4FB0-A60C-3BEEA7558DD3}.Release|x86.ActiveCfg = Release|Win32
		{7AC736CE-7A5D-4FB0-A60C-3BEEA7558DD3}.Release|x86.Build.0 = Release|Win32
		{F6AE760B-385C-4745-9BC9-765A3A5EE91A}.Debug|x64.ActiveCfg = Debug|x64
		{F6AE760B-385C-4745-9BC9-765A3A5EE91A}.Debug|x64.Build.0 = Debug|x64
		{F6AE760B-385C-4745-9BC9-765A3A5EE91A}.Debug|x86.ActiveCfg = Debug|Win32
		{F6AE760B-385C-4745-9BC9-765A3A5EE91A}.Debug|x86.Build.0 = Debug|Win32
		{F6AE760B-385C-4745-9BC9-765A3A5EE91A}.Release|x64.ActiveCfg = Release|x64
		{F6AE760B-385C-4745-9BC9-765A3A5EE91A}.Release|x64.Build.0 = Release|x64
		{F6AE760B-385C-4745-9BC9-765A3A5EE91A}.Release|x86.ActiveCfg = Release|Win32
		{F6AE760B-385C-4745-9BC9-765A3A5EE91A}.Release|x86.Build.0 = Release|Win32
		{E8CD520E-A3B8-4F99-BEB3-1B42D965DF87}.Debug|x64.ActiveCfg = Debug|x64
		{E8CD520E-A3B8-4F99-BEB3-1B42D965DF87}.Debug|x64.Build.0 = Debug|x64
		{E8CD520E-A3B8-4F99-BEB3-1B42D965DF87}.Debug|x86.ActiveCfg = Debug|Win32
		{E8CD520E-A3B8-4F99-BEB3-1B42D965DF87}.Debug|x86.Build.0 = Debug|Win32
		{E8CD520E-A3B8-4F99-BEB3-1B42D965DF87}.Release|x64.ActiveCfg = Release|x64
		{E8CD520E-A3B8-4F99-BEB3-1B42D965DF87}.Release|x64.Build.0 = Release|x64
		{E8CD520E-A3B8-4F99-BEB3-1B42D965DF87}.Release|x86.ActiveCfg = Release|Win32
		{E8CD520E-A3B8-4F99-BEB3-1B42D965DF87}.Release|x86.Build.0 = Release|Win32
		{AFBF5096-34FA-49F5-9776-0F61C0F7BC88}.Debug|x64.ActiveCfg = Debug|x64
		{AFBF5096-34FA-49F5-9776-0F61C0F7BC88}.Debug|x64.Build.0 = Debug|x64
		{AFBF5096-34FA-49F5-9776-0F61C0F7BC88}.Debug|x86.ActiveCfg = Debug|Win32
		{AFBF5096-34FA-49F5-9776-0F61C0F7BC88}.Debug|x86.Build.0 = Debug|Win32
		{AFBF5096-34FA-49F5-9776-0F61C0F7BC88}.Release|x64.ActiveCfg = Release|x64
		{AFBF5096-34FA-49F5-9776-0F61C0F7BC88}.Release|x64.Build.0 = Release|x64
		{AFBF5096-34FA-49F5-9776-0F61C0F7BC88}.Release|x86.ActiveCfg = Release|Win32
		{AFBF5096-34FA-49F5-9776-0F61C0F7BC88}.Release|x86.Build.0 = Release|Win32
		{6506F946-F3BC-4CFF-B150-6EB2248B3D16}.Debug|x64.ActiveCfg = Debug|x64
		{6506F946-F3BC-4CFF-B150-6EB2248B3D16}.Debug|x64.Build.0 = Debug|x64
		{6506F946-F3BC-4CFF-B150-6EB2248B3D16}.Debug|x86.ActiveCfg = Debug|Win32
		{6506F946-F3BC-4CFF-B150-6EB2248B3D16}.Debug|x86.Build.0 = Debug|Win32
		{6506F946-F3BC-4CFF-B150-6EB2248B3D16}.Release|x64.ActiveCfg = Release|x64
		{6506F946-F3BC-4CFF-B150-6EB2248B3D16}.Release|x64.Build.0 = Release|x64
		{6506F946-F3BC-4CFF-B150-6EB2248B3D16}.Release|x86.ActiveCfg = Release|Win32
		{6506F946-F3BC-4CFF-B150-6EB2248B3D16}.Release|x86.Build.0 = Release|Win32
		{9E3A08A2-B250-42DA-8616-69CF7B8AFE6A}.Debug|x64.ActiveCfg = Debug|x64
		{9E3A08A2-B250-42DA-8616-69CF7B8AFE6A}.Debug|x64.Build.0 = Debug|x64
		{9E3A08A2-B250-42DA-8616-69CF7B8AFE6A}.Debug|x86.ActiveCfg = Debug|Win32
		{9E3A08A2-B250-42DA-8616-69CF7B8AFE6A}.Debug|x86.Build.0 = Debug|Win32
		{9E3A08A2-B250-42DA-8616-69CF7B8AFE6A}.Release|x64.ActiveCfg = Release|x64
		{9E3A08A2-B250-42DA-8616-69CF7B8AFE6A}.Release|x64.Build.0 = Release|x64
		{9E3A08A2-B250-42DA-8616-69CF7B8AFE6A}.Release|x86.ActiveCfg = Release|Win32
		{9E3A08A2-B250-42DA-8616-69CF7B8AFE6A}.Release|x86.Build.0 = Release|Win32
		{69F3FC51-EA05-49C7-9244-0D9921A6B9FD}.Debug|x64.ActiveCfg = Debug|x64
		{69F3FC51-EA05-49C7-9244-0D9921A6B9FD}.Debug|x64.Build.0 = Debug|x64
		{69F3FC51-EA05-49C7-9244-0D9921A6B9FD}.Debug|x86.ActiveCfg = Debug|Win32
		{69F3FC51-EA05-49C7-9244-0D9921A6B9FD}.Debug|x86.Build.0 = Debug|Win32
		{69F3FC51-EA05-49C7-9244-0D9921A6B9FD}.Release|x64.ActiveCfg = Release|x64
		{69F3FC51-EA05-49C7-9244-0D9921A6B9FD}.Release|x64.Build.0 = Release|x64
		{69F3FC51-EA05-49C7-9244-0D9921A6B9FD}.Release|x86.ActiveCfg = Release|Win32
		{69F3FC51-EA05-49C7-9244-0D9921A6B9FD}.Release|x86.Build.0 = Release|Win32
		{6DB44CE0-5C9C-43C1-9E10-1CDFDB4F7798}.Debug|x64.ActiveCfg = Debug|x64
		{6DB44CE0-5C9C-43C1-9E10-1CDFDB4F7798}.Debug|x64.Build.0 = Debug|x64
		{6DB44CE0-5C9C-43C1-9E10-1CDFDB4F7798}.Debug|x86.ActiveCfg = Debug|Win32
		{6DB44CE0-5C9C-43C1-9E10-1CDFDB4F7798}.Debug|x86.Build.0 = Debug|Win32
		{6DB44CE0-5C9C-43C1-9E10-1CDFDB4F7798}.Release|x64.ActiveCfg = Release|x64
		{6DB44CE0-5C9C-43C1-9E10-1CDFDB4F7798}.Release|x64.Build.0 = Release|x64
		{6DB44CE0-5C9C-43C1-9E10-1CDFDB4F7798}.Release|x86.ActiveCfg = Release|Win32
		{6DB44CE0-5C9C-43C1-9E10-1CDFDB4F7798}.Release|x86.Build.0 = Release|Win32
		{EE9F6237-90FB-4992-B69B-E9BE3E872DCE}.Debug|x64.ActiveCfg = Debug|x64
		{EE9F6237-90FB-4992-B69B-E9BE3E872DCE}.Debug|x64.Build.0 = Debug|x64
		{EE9F6237-90FB-4992-B69B-E9BE3E872DCE}.Debug|x86.ActiveCfg = Debug|Win32
		{EE9F6237-90FB-4992-B69B-E9BE3E872DCE}.Debug|x86.Build.0 = Debug|Win32
		{EE9F6237-90FB-4992-B69B-E9BE3E872DCE}.Release|x64.ActiveCfg = Release|x64
		{EE9F6237-90FB-4992-B69B-E9BE3E872DCE}.Release|x64.Build.0 = Release|x64
		{EE9F6237-90FB-4992-B69B-E9BE3E872DCE}.Release|x86.ActiveCfg = Release|Win32
		{EE9F6237-90FB-4992-B69B-E9BE3E872DCE}.Release|x86.Build.0 = Release|Win32
		{5E9C6439-3969-4468-9804-3D6D06EFBE86}.Debug|x64.ActiveCfg = Debug|x64
		{5E9C6439-3969-4468-9804-3D6D06EFBE86}.Debug|x64.Build.0 = Debug|x64
		{5E9C6439-3969-4468-9804-3D6D06EFBE86}.Debug|x86.ActiveCfg = Debug|Win32
		{5E9C6439-3969-4468-9804-3D6D06EFBE86}.Debug|x86.Build.0 = Debug|Win32
		{5E9C6439-3969-4468-9804-3D6D06EFBE86}.Release|x64.ActiveCfg = Release|x64
		{5E9C6439-3969-4468-9804-3D6D06EFBE86}.Release|x64.Build.0 = Release|x64
		{5E9C6439-3969-4468-9804-3D6D06EFBE86}.Release|x86.ActiveCfg = Release|Win32
		{5E9C6439-3969-4468-9804-3D6D06EFBE86}.Release|x86.Build.0 = Release|Win32
		{D67221C9-FEAC-403B-A8B7-0122AD2BB8E2}.Debug|x64.ActiveCfg = Debug|x64
		{D67221C9-FEAC-403B-A8B7-0122AD2BB8E2}.Debug|x64.Build.0 = Debug|x64
		{D67221C9-FEAC-403B-A8B7-0122AD2BB8E2}.Debug|x86.ActiveCfg = Debug|Win32
		{D67221C9-FEAC-403B-A8B7-0122AD2BB8E2}.Debug|x86.Build.0 = Debug|Win32
		{D67221C9-FEAC-403B-A8B7-0122AD2BB8E2}.Release|x64.ActiveCfg = Release|x64
		{D67221C9-FEAC-403B-A8B7-0122AD2BB8E2}.Release|x64.Build.0 = Release|x64
		{D67221C9-FEAC-403B-A8B7-0122AD2BB8E2}.Release|x86.ActiveCfg = Release|Win32
		{D67221C9-FEAC-403B-A8B7-0122AD2BB8E2}.Release|x86.Build.0 = Release|Win32
		{97E675F0-6B34-4568-9BA7-7E4AA86C3530}.Debug|x64.ActiveCfg = Debug|x64
		{97E675F0-6B34-4568-9BA7-7E4AA86C3530}.Debug|x64.Build.0 = Debug|x64
		{97E675F0-6B34-4568-9BA7-7E4AA86C3530}.Debug|x86.ActiveCfg = Debug|Win32
		{97E675F0-6B34-4568-9BA7-7E4AA86C3530}.Debug|x86.Build.0 = Debug|Win32
		{97E675F0-6B34-4568-9BA7-7E4AA86C3530}.Release|x64.ActiveCfg = Release|x64
		{97E675F0-6B34-4568-9BA7-7E4AA86C3530}.Release|x64.Build.0 = Release|x64
		{97E675F0-6B34-4568-9BA7-7E4AA86C3530}.Release|x86.ActiveCfg = Release|Win32
		{97E675F0-6B34-4568-9BA7-7E4AA86C3530}.Release|x86.Build.0 = Release|Win32
		{58FA2F1F-58C2-49A4-A325-2BFD839D12E0}.Debug|x64.ActiveCfg = Debug|x64
		{58FA2F1F-58C2-49A4-A325-2BFD839D12E0}.Debug|x64.Build.0 = Debug|x64
		{58FA2F1F-58C2-49A4-A325-2BFD839D12E0}.Debug|x86.ActiveCfg = Debug|Win32
		{58FA2F1F-58C2-49A4-A325-2BFD839D12E0}.Debug|x86.Build.0 = Debug|Win32
		{58FA2F1F-58C2-49A4-A325-2BFD839D12E0}.Release|x64.ActiveCfg = Release|x64
		{58FA2F1F-58C2-49A4-A325-2BFD839D12E0}.Release|x64.Build.0 = Release|x64
		{58FA2F1F-58C2-49A4-A325-2BFD839D12E0}.Release|x86.ActiveCfg = Release|Win32
		{58FA2F1F-58C2-49A4-A325-2BFD839D12E0}.Release|x86.Build.0 = Release|Win32
		{20D0B751-3C9B-49E9-953C-621167B39FAB}.Debug|x64.ActiveCfg = Debug|x64
		{20D0B751-3C9B-49E9-953C-621167B39FAB}.Debug|x64.Build.0 = Debug|x64
		{20D0B751-3C9B-49E9-953C-621167B39FAB}.Debug|x86.ActiveCfg = Debug|Win32
		{20D0B751-3C9B-49E9-953C-621167B39FAB}.Debug|x86.Build.0 = Debug|Win32
		{20D0B751-3C9B-49E9-953C-621167B39FAB}.Release|x64.ActiveCfg = Release|x64
		{20D0B751-3C9B-49E9-953C-621167B39FAB}.Release|x64.Build.0 = Release|x64
		{20D0B751-3C9B-49E9-953C-621167B39FAB}.Release|x86.ActiveCfg = Release|Win32
		{20D0B751-3C9B-49E9-953C-621167B39FAB}.Release|x86.Build.0 = Release|Win32
		{D34407A9-A785-4E31-91FB-81AA76DC842F}.Debug|x64.ActiveCfg = Debug|x64
		{D34407A9-A785-4E31-91FB-81AA76DC842F}.Debug|x64.Build.0 = Debug|x64
		{D34407A9-A785-4E31-91FB-81AA76DC842F}.Debug|x86.ActiveCfg = Debug|Win32
		{D34407A9-A785-4E31-91FB-81AA76DC842F}.Debug|x86.Build.0 = Debug|Win32
		{D34407A9-A785-4E31-91FB-81AA76DC842F}.Release|x64.ActiveCfg = Release|x64
		{D34407A9-A785-4E31-91FB-81AA76DC842F}.Release|x64.Build.0 = Release|x64
		{D34407A9-A785-4E31-91FB-81AA76DC842F}.Release|x86.ActiveCfg = Release|Win32
		{D34407A9-A785-4E31-91FB-81AA76DC842F}.Release|x86.Build.0 = Release|Win32
		{10C60809-A0CF-4ACD-9C83-D537B2695B15}.Debug|x64.ActiveCfg = Debug|x64
		{10C60809-A0CF-4ACD-9C83-D537B2695B15}.Debug|x64.Build.0 = Debug|x64
		{10C60809-A0CF-4ACD-9C83-D537B2695B15}.Debug|x86.ActiveCfg = Debug|Win32
		{10C60809-A0CF-4ACD-9C83-D537B2695B15}.Debug|x86.Build.0 = Debug|Win32
		{10C60809-A0CF-4ACD-9C83-D537B2695B15}.Release|x64.ActiveCfg = Release|x64
		{10C60809-A0CF-4ACD-9C83-D537B2695B15}.Release|x64.Build.0 = Release|x64
		{10C60809-A0CF-4ACD-9C83-D537B2695B15}.Release|x86.ActiveCfg = Release|Win32
		{10C60809-A0CF-4ACD-9C83-D537B2695B15}.Release|x86.Build.0 = Release|Win32
		{7F54E29F-6D58-479C-8FEA-CA0DA99055AF}.Debug|x64.ActiveCfg = Debug|x64
		{7F54E29F-6D58-479C-8FEA-CA0DA99055AF}.Debug|x64.Build.0 = Debug|x64
		{7F54E29F-6D58-479C-8FEA-CA0DA99055AF}.Debug|x86.ActiveCfg = Debug|Win32
		{7F54E29F-6D58-479C-8FEA-CA0DA99055AF}.Debug|x86.Build.0 = Debug|Win32
		{7F54E29F-6D58-479C-8FEA-CA0DA99055AF}.Release|x64.ActiveCfg = Release|x64
		{7F54E29F-6D58-479C-8FEA-CA0DA99055AF}.Release|x64.Build.0 = Release|x64
		{7F54E29F-6D58-479C-8FEA-CA0DA99055AF}.Release|x86.ActiveCfg = Release|Win32
		{7F54E29F-6D58-479C-8FEA-CA0DA99055AF}.Release|x86.Build.0 = Release|Win32
		{FBD09976-89CB-4D26-9515-F11C9E1EC7A4}.Debug|x64.ActiveCfg = Debug|x64
		{FBD09976-89CB-4D26-9515-F11C9E1EC7A4}.Debug|x64.Build.0 = Debug|x64
		{FBD09976-89CB-4D26-9515-F11C9E1EC7A4}.Debug|x86.ActiveCfg = Debug|Win32
		{FBD09976-89CB-4D26-9515-F11C9E1EC7A4}.Debug|x86.Build.0 = Debug|Win32
		{FBD09976-89CB-4D26-9515-F11C9E1EC7A4}.Release|x64.ActiveCfg = Release|x64
		{FBD09976-89CB-4D26-9515-F11C9E1EC7A4}.Release|x64.Build.0 = Release|x64
		{FBD09976-89CB-4D26-9515-F11C9E1EC7A4}.Release|x86.ActiveCfg = Release|Win32
		{FBD09976-89CB-4D26-9515-F11C9E1EC7A4}.Release|x86.Build.0 = Release|Win32
		{6B5CE7DC-06F9-424A-A38D-06205DCFB5CA}.Debug|x64.ActiveCfg = Debug|x64
		{6B5CE7DC-06F9-424A-A38D-06205DCFB5CA}.Debug|x64.Build.0 = Debug|x64
		{6B5CE7DC-06F9-424A-A38D-06205DCFB5CA}.Debug|x86.ActiveCfg = Debug|Win32
		{6B5CE7DC-06F9-424A-A38D-06205DCFB5CA}.Debug|x86.Build.0 = Debug|Win32
		{6B5CE7DC-06F9-424A-A38D-06205DCFB5CA}.Release|x64.ActiveCfg = Release|x64
		{6B5CE7DC-06F9-424A-A38D-06205DCFB5CA}.Release|x64.Build.0 = Release|x64
		{6B5CE7DC-06F9-424A-A38D-06205DCFB5CA}.Release|x86.ActiveCfg = Release|Win32
		{6B5CE7DC-06F9-424A-A38D-06205DCFB5CA}.Release|x86.Build.0 = Release|Win32
		{4630C685-7C58-4356-9D38-B336FB8B7F43}.Debug|x64.ActiveCfg = Debug|x64
		{4630C685-7C58-4356-9D38-B336FB8B7F43}.Debug|x64.Build.0 = Debug|x64
		{4630C685-7C58-4356-9D38-B336FB8B7F43}.Debug|x86.ActiveCfg = Debug|Win32
		{4630C685-7C58-4356-9D38-B336FB8B7F43}.Debug|x86.Build.0 = Debug|Win32
		{4630C685-7C58-4356-9D38-B336FB8B7F43}.Release|x64.ActiveCfg = Release|x64
		{4630C685-7C58-4356-9D38-B336FB8B7F43}.Release|x64.Build.0 = Release|x64
		{4630C685-7C58-4356-9D38-B336FB8B7F43}.Release|x86.ActiveCfg = Release|Win32
		{4630C685-7C58-4356-9D38-B336FB8B7F43}.Release|x86.Build.0 = Release|Win32
		{FE7342F4-2E42-4DDB-9FDD-C37F45430DCB}.Debug|x64.ActiveCfg = Debug|x64
		{FE7342F4-2E42-4DDB-9FDD-C37F45430DCB}.Debug|x64.Build.0 = Debug|x64
		{FE7342F4-2E42-4DDB-9FDD-C37F45430DCB}.Debug|x86.ActiveCfg = Debug|Win32
		{FE7342F4-2E42-4DDB-9FDD-C37F45430DCB}.Debug|x86.Build.0 = Debug|Win32
		{FE7342F4-2E42-4DDB-9FDD-C37F45430DCB}.Release|x64.ActiveCfg = Release|x64
		{FE7342F4-2E42-4DDB-9FDD-C37F45430DCB}.Release|x64.Build.0 = Release|x64
		{FE7342F4-2E42-4DDB-9FDD-C37F45430DCB}.Release|x86.ActiveCfg = Release|Win32
		{FE7342F4-2E42-4DDB-9FDD-C37F45430DCB}.Release|x86.Build.0 = Release|Win32
		{8BB1D91B-FA3E-4470-91EB-CC356B4C25D5}.Debug|x64.ActiveCfg = Debug|x64
		{8BB1D91B-FA3E-4470-91EB-CC356B4C25D5}.Debug|x64.Build.0 = Debug|x64
		{8BB1D91B-FA3E-4470-91EB-CC356B4C25D5}.Debug|x86.ActiveCfg = Debug|Win32
		{8BB1D91B-FA3E-4470-91EB-CC356B4C25D5}.Debug|x86.Build.0 = Debug|Win32
		{8BB1D91B-FA3E-4470-91EB-CC356B4C25D5}.Release|x64.ActiveCfg = Release|x64
		{8BB1D91B-FA3E-4470-91EB-CC356B4C25D5}.Release|x64.Build.0 = Release|x64
		{8BB1D91B-FA3E-4470-91EB-CC356B4C25D5}.Release|x86.ActiveCfg = Release|Win32
		{8BB1D91B-FA3E-4470-91EB-CC356B4C25D5}.Release|x86.Build.0 = Release|Win32
		{D96A3A04-32EC-4D31-A37E-FC9693CA94F4}.Debug|x64.ActiveCfg = Debug|x64
		{D96A3A04-32EC-4D31-A37E-FC9693CA94F4}.Debug|x64.Build.0 = Debug|x64
		{D96A3A04-32EC-4D31-A37E-FC9693CA94F4}.Debug|x86.ActiveCfg = Debug|Win32
		{D96A3A04-32EC-4D31-A37E-FC9693CA94F4}.Debug|x86.Build.0 = Debug|Win32
		{D96A3A04-32EC-4D31-A37E-FC9693CA94F4}.Release|x64.ActiveCfg = Release|x64
		{D96A3A04-32EC-4D31-A37E-FC9693CA94F4}.Release|x64.Build.0 = Release|x64
		{D96A3A04-32EC-4D31-A37E-FC9693CA94F4}.Release|x86.ActiveCfg = Release|Win32
		{D96A3A04-32EC-4D31-A37E-FC9693CA94F4}.Release|x86.Build.0 = Release|Win32
		{DA9406F0-3AD0-4A8F-87C9-102AB4736B95}.Debug|x64.ActiveCfg = Debug|x64
		{DA9406F0-3AD0-4A8F-87C9-102AB4736B95}.Debug|x64.Build.0 = Debug|x64
		{DA9406F0-3AD0-4A8F-87C9-102AB4736B95}.Debug|x86.ActiveCfg = Debug|Win32
		{DA9406F0-3AD0-4A8F-87C9-102AB4736B95}.Debug|x86.Build.0 = Debug|Win32
		{DA9406F0-3AD0-4A8F-87C9-102AB4736B95}.Release|x64.ActiveCfg = Release|x64
		{DA9406F0-3AD0-4A8F-87C9-102AB4736B95}.Release|x64.Build.0 = Release|x64
		{DA9406F0-3AD0-4A8F-87C9-102AB4736B95}.Release|x86.ActiveCfg = Release|Win32
		{DA9406F0-3AD0-4A8F-87C9-102AB4736B95}.Release|x86.Build.0 = Release|Win32
		{4EFFE46C-5418-4167-B544-B1214B2F77F7}.Debug|x64.ActiveCfg = Debug|x64
		{4EFFE46C-5418-4167-B544-B1214B2F77F7}.Debug|x64.Build.0 = Debug|x64
		{4EFFE46C-5418-4167-B544-B1214B2F77F7}.Debug|x86.ActiveCfg = Debug|Win32
		{4EFFE46C-5418-4167-B544-B1214B2F77F7}.Debug|x86.Build.0 = Debug|Win32
		{4EFFE46C-5418-4167-B544-B1214B2F77F7}.Release|x64.ActiveCfg = Release|x64
		{4EFFE46C-5418-4167-B544-B1214B2F77F7}.Release|x64.Build.0 = Release|x64
		{4EFFE46C-5418-4167-B544-B1214B2F77F7}.Release|x86.ActiveCfg = Release|Win32
		{4EFFE46C-5418-4167-B544-B1214B2F77F7}.Release|x86.Build.0 = Release|Win32
		{D4F81F8C-403C-4DAF-BF2A-8E0372D5E0B2}.Debug|x64.ActiveCfg = Debug|x64
		{D4F81F8C-403C-4DAF-BF2A-8E0372D5E0B2}.Debug|x64.Build.0 = Debug|x64
		{D4F81F8C-403C-4DAF-BF2A-8E0372D5E0B2}.Debug|x86.ActiveCfg = Debug|Win32
		{D4F81F8C-403C-4DAF-BF2A-8E0372D5E0B2}.Debug|x86.Build.0 = Debug|Win32
		{D4F81F8C-403C-4DAF-BF2A-8E0372D5E0B2}.Release|x64.ActiveCfg = Release|x64
		{D4F81F8C-403C-4DAF-BF2A-8E0372D5E0B2}.Release|x64.Build.0 = Release|x64
		{D4F81F8C-403C-4DAF-BF2A-8E0372D5E0B2}.Release|x86.ActiveCfg = Release|Win32
		{D4F81F8C-403C-4DAF-BF2A-8E0372D5E0B2}.Release|x86.Build.0 = Release|Win32
		{2D34FA49-D4F8-480B-B0AD-9703388B8E7B}.Debug|x64.ActiveCfg = Debug|x64
		{2D34FA49-D4F8-480B-B0AD-9703388B8E7B}.Debug|x64.Build.0 = Debug|x64
		{2D34FA49-D4F8-480B-B0AD-9703388B8E7B}.Debug|x86.ActiveCfg = Debug|Win32
		{2D34FA49-D4F8-480B-B0AD-9703388B8E7B}.Debug|x86.Build.0 = Debug|Win32
		{2D34FA49-D4F8-480B-B0AD-9703388B8E7B}.Release|x64.ActiveCfg = Release|x64
		{2D34FA49-D4F8-480B-B0AD-9703388B8E7B}.Release|x64.Build.0 = Release|x64
		{2D34FA49-D4F8-480B-B0AD-9703388B8E7B}.Release|x86.ActiveCfg = Release|Win32
		{2D34FA49-D4F8-480B-B0AD-9703388B8E7B}.Release|x86.Build.0 = Release|Win32
		{793C1B0A-85D4-4331-94AD-8FD56B485B3F}.Debug|x64.ActiveCfg = Debug|x64
		{793C1B0A-85D4-4331-94AD-8FD56B485B3F}.Debug|x64.Build.0 = Debug|x64
		{793C1B0A-85D4-4331-94AD-8FD56B485B3F}.Debug|x86.ActiveCfg = Debug|Win32
		{793C1B0A-85D4-4331-94AD-8FD56B485B3F}.Debug|x86.Build.0 = Debug|Win32
		{793C1B0A-85D4-4331-94AD-8FD56B485B3F}.Release|x64.ActiveCfg = Release|x64
		{793C1B0A-85D4-4331-94AD-8FD56B485B3F}.Release|x64.Build.0 = Release|x64
		{793C1B0A-85D4-4331-94AD-8FD56B485B3F}.Release|x86.ActiveCfg = Release|Win32
		{793C1B0A-85D4-4331-94AD-8FD56B485B3F}.Release|x86.Build.0 = Release|Win32
		{D618DDD8-E15E-47E2-94B6-F66D9B2A5CA6}.Debug|x64.ActiveCfg = Debug|x64
		{D618DDD8-E15E-47E2-94B6-F66D9B2A5CA6}.Debug|x64.Build.0 = Debug|x64
		{D618DDD8-E15E-47E2-94B6-F66D9B2A5CA6}.Debug|x86.ActiveCfg = Debug|Win32
		{D618DDD8-E15E-47E2-94B6-F66D9B2A5CA6}.Debug|x86.Build.0 = Debug|Win32
		{D618DDD8-E15E-47E2-94B6-F66D9B2A5CA6}.Release|x64.ActiveCfg = Release|x64
		{D618DDD8-E15E-47E2-94B6-F66D9B2A5CA6}.Release|x64.Build.0 = Release|x64
		{D618DDD8-E15E-47E2-94B6-F66D9B2A5CA6}.Release|x86.ActiveCfg = Release|Win32
		{D618DDD8-E15E-47E2-94B6-F66D9B2A5CA6}.Release|x86.Build.0 = Release|Win32
		{66F3693F-CAFE-4B92-8F87-CACA4A14F509}.Debug|x64.ActiveCfg = Debug|x64
		{66F3693F-CAFE-4B92-8F87-CACA4A14F509}.Debug|x64.Build.0 = Debug|x64
		{66F3693F-CAFE-4B92-8F87-CACA4A14F509}.Debug|x86.ActiveCfg = Debug|Win32
		{66F3693F-CAFE-4B92-8F87-CACA4A14F509}.Debug|x86.Build.0 = Debug|Win32
		{66F3693F-CAFE-4B92-8F87-CACA4A14F509}.Release|x64.ActiveCfg = Release|x64
		{66F3693F-CAFE-4B92-8F87-CACA4A14F509}.Release|x64.Build.0 = Release|x64
		{66F3693F-CAFE-4B92-8F87-CACA4A14F509}.Release|x86.ActiveCfg = Release|Win32
		{66F3693F-CAFE-4B92-8F87-CACA4A14F509}.Release|x86.Build.0 = Release|Win32
		{86B459A5-2CF5-45E1-82C4-8B772A5C3232}.Debug|x64.ActiveCfg = Debug|x64
		{86B459A5-2CF5-45E1-82C4-8B772A5C3232}.Debug|x64.Build.0 = Debug|x64
		{86B459A5-2CF5-45E1-82C4-8B772A5C3232}.Debug|x86.ActiveCfg = Debug|Win32
		{86B459A5-2CF5-45E1-82C4-8B772A5C3232}.Debug|x86.Build.0 = Debug|Win32
		{86B459A5-2CF5-45E1-82C4-8B772A5C3232}.Release|x64.ActiveCfg = Release|x64
		{86B459A5-2CF5-45E1-82C4-8B772A5C3232}.Release|x64.Build.0 = Release|x64
		{86B459A5-2CF5-45E1-82C4-8B772A5C3232}.Release|x86.ActiveCfg = Release|Win32
		{86B459A5-2CF5-45E1-82C4-8B772A5C3232}.Release|x86.Build.0 = Release|Win32
		{0A001C92-F303-48F4-8C1D-199FDF9F7042}.Debug|x64.ActiveCfg = Debug|x64
		{0A001C92-F303-48F4-8C1D-199FDF9F7042}.Debug|x64.Build.0 = Debug|x64
		{0A001C92-F303-48F4-8C1D-199FDF9F7042}.Debug|x86.ActiveCfg = Debug|Win32
		{0A001C92-F303-48F4-8C1D-199FDF9F7042}.Debug|x86.Build.0 = Debug|Win32
		{0A001C92-F303-48F4-8C1D-199FDF9F7042}.Release|x64.ActiveCfg = Release|x64
		{0A001C92-F303-48F4-8C1D-199FDF9F7042}.Release|x64.Build.0 = Release|x64
		{0A001C92-F303-48F4-8C1D-199FDF9F7042}.Release|x86.ActiveCfg = Release|Win32
		{0A001C92-F303-48F4-8C1D-199FDF9F7042}.Release|x86.Build.0 = Release|Win32
	EndGlobalSection
	GlobalSection(SolutionProperties) = preSolution
		HideSolutionNode = FALSE
	EndGlobalSection
	GlobalSection(ExtensibilityGlobals) = postSolution
		SolutionGuid = {C7EE1889-E89F-46E6-96A2-C95C330CC79F}
	EndGlobalSection
EndGlobal
